
Microsoft Visual Studio Solution File, Format Version 12.00
# Visual Studio Version 17
VisualStudioVersion = 17.8.34330.188
MinimumVisualStudioVersion = 10.0.40219.1
Project("{8BC9CEB8-8B4A-11D0-8D11-00A0C91BC942}") = "Exam-01", "Exam-01\Exam-01.vcxproj", "{A2A23F0D-120F-417C-A472-B6B8E05B3D2B}"
EndProject
Project("{8BC9CEB8-8B4A-11D0-8D11-00A0C91BC942}") = "Exam-02", "Exam-02\Exam-02.vcxproj", "{404633D8-818E-4717-9BCB-F3AB282D38A2}"
EndProject
Project("{8BC9CEB8-8B4A-11D0-8D11-00A0C91BC942}") = "Exam-03", "Exam-03\Exam-03.vcxproj", "{0F755958-BC81-4CED-9012-3C30A368DEA9}"
EndProject
Project("{8BC9CEB8-8B4A-11D0-8D11-00A0C91BC942}") = "Exam-04", "Exam-04\Exam-04.vcxproj", "{92690787-C332-4715-BA59-78FE8416B6BF}"
EndProject
Project("{8BC9CEB8-8B4A-11D0-8D11-00A0C91BC942}") = "Exam-05", "Exam-05\Exam-05.vcxproj", "{BA43B0AE-4B22-4301-9E4B-7660BB680EB0}"
EndProject
Project("{8BC9CEB8-8B4A-11D0-8D11-00A0C91BC942}") = "Exam-06", "Exam-06\Exam-06.vcxproj", "{2CE14672-74CA-4BF7-B08C-010E09491B12}"
EndProject
Project("{8BC9CEB8-8B4A-11D0-8D11-00A0C91BC942}") = "Exam-07", "Exam-07\Exam-07.vcxproj", "{0A055CC0-5A8C-4E9D-AFAE-18618DB77B48}"
EndProject
Project("{8BC9CEB8-8B4A-11D0-8D11-00A0C91BC942}") = "Exam-08", "Exam-08\Exam-08.vcxproj", "{46C00815-7FCA-4DE6-BB8D-124999837097}"
EndProject
Project("{8BC9CEB8-8B4A-11D0-8D11-00A0C91BC942}") = "Exam-09", "Exam-09\Exam-09.vcxproj", "{D66C7DD1-8C56-4D52-A4AC-C75FC804ED6E}"
EndProject
Global
	GlobalSection(SolutionConfigurationPlatforms) = preSolution
		Debug|x64 = Debug|x64
		Debug|x86 = Debug|x86
		Release|x64 = Release|x64
		Release|x86 = Release|x86
	EndGlobalSection
	GlobalSection(ProjectConfigurationPlatforms) = postSolution
		{A2A23F0D-120F-417C-A472-B6B8E05B3D2B}.Debug|x64.ActiveCfg = Debug|x64
		{A2A23F0D-120F-417C-A472-B6B8E05B3D2B}.Debug|x64.Build.0 = Debug|x64
		{A2A23F0D-120F-417C-A472-B6B8E05B3D2B}.Debug|x86.ActiveCfg = Debug|Win32
		{A2A23F0D-120F-417C-A472-B6B8E05B3D2B}.Debug|x86.Build.0 = Debug|Win32
		{A2A23F0D-120F-417C-A472-B6B8E05B3D2B}.Release|x64.ActiveCfg = Release|x64
		{A2A23F0D-120F-417C-A472-B6B8E05B3D2B}.Release|x64.Build.0 = Release|x64
		{A2A23F0D-120F-417C-A472-B6B8E05B3D2B}.Release|x86.ActiveCfg = Release|Win32
		{A2A23F0D-120F-417C-A472-B6B8E05B3D2B}.Release|x86.Build.0 = Release|Win32
		{404633D8-818E-4717-9BCB-F3AB282D38A2}.Debug|x64.ActiveCfg = Debug|x64
		{404633D8-818E-4717-9BCB-F3AB282D38A2}.Debug|x64.Build.0 = Debug|x64
		{404633D8-818E-4717-9BCB-F3AB282D38A2}.Debug|x86.ActiveCfg = Debug|Win32
		{404633D8-818E-4717-9BCB-F3AB282D38A2}.Debug|x86.Build.0 = Debug|Win32
		{404633D8-818E-4717-9BCB-F3AB282D38A2}.Release|x64.ActiveCfg = Release|x64
		{404633D8-818E-4717-9BCB-F3AB282D38A2}.Release|x64.Build.0 = Release|x64
		{404633D8-818E-4717-9BCB-F3AB282D38A2}.Release|x86.ActiveCfg = Release|Win32
		{404633D8-818E-4717-9BCB-F3AB282D38A2}.Release|x86.Build.0 = Release|Win32
		{0F755958-BC81-4CED-9012-3C30A368DEA9}.Debug|x64.ActiveCfg = Debug|x64
		{0F755958-BC81-4CED-9012-3C30A368DEA9}.Debug|x64.Build.0 = Debug|x64
		{0F755958-BC81-4CED-9012-3C30A368DEA9}.Debug|x86.ActiveCfg = Debug|Win32
		{0F755958-BC81-4CED-9012-3C30A368DEA9}.Debug|x86.Build.0 = Debug|Win32
		{0F755958-BC81-4CED-9012-3C30A368DEA9}.Release|x64.ActiveCfg = Release|x64
		{0F755958-BC81-4CED-9012-3C30A368DEA9}.Release|x64.Build.0 = Release|x64
		{0F755958-BC81-4CED-9012-3C30A368DEA9}.Release|x86.ActiveCfg = Release|Win32
		{0F755958-BC81-4CED-9012-3C30A368DEA9}.Release|x86.Build.0 = Release|Win32
		{92690787-C332-4715-BA59-78FE8416B6BF}.Debug|x64.ActiveCfg = Debug|x64
		{92690787-C332-4715-BA59-78FE8416B6BF}.Debug|x64.Build.0 = Debug|x64
		{92690787-C332-4715-BA59-78FE8416B6BF}.Debug|x86.ActiveCfg = Debug|Win32
		{92690787-C332-4715-BA59-78FE8416B6BF}.Debug|x86.Build.0 = Debug|Win32
		{92690787-C332-4715-BA59-78FE8416B6BF}.Release|x64.ActiveCfg = Release|x64
		{92690787-C332-4715-BA59-78FE8416B6BF}.Release|x64.Build.0 = Release|x64
		{92690787-C332-4715-BA59-78FE8416B6BF}.Release|x86.ActiveCfg = Release|Win32
		{92690787-C332-4715-BA59-78FE8416B6BF}.Release|x86.Build.0 = Release|Win32
		{BA43B0AE-4B22-4301-9E4B-7660BB680EB0}.Debug|x64.ActiveCfg = Debug|x64
		{BA43B0AE-4B22-4301-9E4B-7660BB680EB0}.Debug|x64.Build.0 = Debug|x64
		{BA43B0AE-4B22-4301-9E4B-7660BB680EB0}.Debug|x86.ActiveCfg = Debug|Win32
		{BA43B0AE-4B22-4301-9E4B-7660BB680EB0}.Debug|x86.Build.0 = Debug|Win32
		{BA43B0AE-4B22-4301-9E4B-7660BB680EB0}.Release|x64.ActiveCfg = Release|x64
		{BA43B0AE-4B22-4301-9E4B-7660BB680EB0}.Release|x64.Build.0 = Release|x64
		{BA43B0AE-4B22-4301-9E4B-7660BB680EB0}.Release|x86.ActiveCfg = Release|Win32
		{BA43B0AE-4B22-4301-9E4B-7660BB680EB0}.Release|x86.Build.0 = Release|Win32
		{2CE14672-74CA-4BF7-B08C-010E09491B12}.Debug|x64.ActiveCfg = Debug|x64
		{2CE14672-74CA-4BF7-B08C-010E09491B12}.Debug|x64.Build.0 = Debug|x64
		{2CE14672-74CA-4BF7-B08C-010E09491B12}.Debug|x86.ActiveCfg = Debug|Win32
		{2CE14672-74CA-4BF7-B08C-010E09491B12}.Debug|x86.Build.0 = Debug|Win32
		{2CE14672-74CA-4BF7-B08C-010E09491B12}.Release|x64.ActiveCfg = Release|x64
		{2CE14672-74CA-4BF7-B08C-010E09491B12}.Release|x64.Build.0 = Release|x64
		{2CE14672-74CA-4BF7-B08C-010E09491B12}.Release|x86.ActiveCfg = Release|Win32
		{2CE14672-74CA-4BF7-B08C-010E09491B12}.Release|x86.Build.0 = Release|Win32
		{0A055CC0-5A8C-4E9D-AFAE-18618DB77B48}.Debug|x64.ActiveCfg = Debug|x64
		{0A055CC0-5A8C-4E9D-AFAE-18618DB77B48}.Debug|x64.Build.0 = Debug|x64
		{0A055CC0-5A8C-4E9D-AFAE-18618DB77B48}.Debug|x86.ActiveCfg = Debug|Win32
		{0A055CC0-5A8C-4E9D-AFAE-18618DB77B48}.Debug|x86.Build.0 = Debug|Win32
		{0A055CC0-5A8C-4E9D-AFAE-18618DB77B48}.Release|x64.ActiveCfg = Release|x64
		{0A055CC0-5A8C-4E9D-AFAE-18618DB77B48}.Release|x64.Build.0 = Release|x64
		{0A055CC0-5A8C-4E9D-AFAE-18618DB77B48}.Release|x86.ActiveCfg = Release|Win32
		{0A055CC0-5A8C-4E9D-AFAE-18618DB77B48}.Release|x86.Build.0 = Release|Win32
		{46C00815-7FCA-4DE6-BB8D-124999837097}.Debug|x64.ActiveCfg = Debug|x64
		{46C00815-7FCA-4DE6-BB8D-124999837097}.Debug|x64.Build.0 = Debug|x64
		{46C00815-7FCA-4DE6-BB8D-124999837097}.Debug|x86.ActiveCfg = Debug|Win32
		{46C00815-7FCA-4DE6-BB8D-124999837097}.Debug|x86.Build.0 = Debug|Win32
		{46C00815-7FCA-4DE6-BB8D-124999837097}.Release|x64.ActiveCfg = Release|x64
		{46C00815-7FCA-4DE6-BB8D-124999837097}.Release|x64.Build.0 = Release|x64
		{46C00815-7FCA-4DE6-BB8D-124999837097}.Release|x86.ActiveCfg = Release|Win32
		{46C00815-7FCA-4DE6-BB8D-124999837097}.Release|x86.Build.0 = Release|Win32
		{D66C7DD1-8C56-4D52-A4AC-C75FC804ED6E}.Debug|x64.ActiveCfg = Debug|x64
		{D66C7DD1-8C56-4D52-A4AC-C75FC804ED6E}.Debug|x64.Build.0 = Debug|x64
		{D66C7DD1-8C56-4D52-A4AC-C75FC804ED6E}.Debug|x86.ActiveCfg = Debug|Win32
		{D66C7DD1-8C56-4D52-A4AC-C75FC804ED6E}.Debug|x86.Build.0 = Debug|Win32
		{D66C7DD1-8C56-4D52-A4AC-C75FC804ED6E}.Release|x64.ActiveCfg = Release|x64
		{D66C7DD1-8C56-4D52-A4AC-C75FC804ED6E}.Release|x64.Build.0 = Release|x64
		{D66C7DD1-8C56-4D52-A4AC-C75FC804ED6E}.Release|x86.ActiveCfg = Release|Win32
		{D66C7DD1-8C56-4D52-A4AC-C75FC804ED6E}.Release|x86.Build.0 = Release|Win32
	EndGlobalSection
	GlobalSection(SolutionProperties) = preSolution
		HideSolutionNode = FALSE
	EndGlobalSection
	GlobalSection(ExtensibilityGlobals) = postSolution
		SolutionGuid = {F5CF69DE-0FAE-4C85-8B38-686DD8970D99}
	EndGlobalSection
EndGlobal
